dependencies:
- name: postgresql
  repository: https://charts.bitnami.com/bitnami
  version: 10.16.2
- name: redis
  repository: https://charts.bitnami.com/bitnami
  version: 15.7.6
digest: sha256:e21aae55c5dd0e0e57237353813c00837cba37d353f098aec937d3985070d663
generated: "2022-08-14T18:30:42.309200511Z"
